
Microsoft Visual Studio Solution File, Format Version 12.00
# Visual Studio Version 17
VisualStudioVersion = 17.9.34723.18
MinimumVisualStudioVersion = 10.0.40219.1
Project("{FAE04EC0-301F-11D3-BF4B-00C04F79EFBC}") = "DocumentManagement", "DocumentManagement.csproj", "{B39FF42D-3D8E-467F-9C8C-848B909987E7}"
EndProject
Global
	GlobalSection(SolutionConfigurationPlatforms) = preSolution
		Debug|Any CPU = Debug|Any CPU
		Release|Any CPU = Release|Any CPU
	EndGlobalSection
	GlobalSection(ProjectConfigurationPlatforms) = postSolution
		{B39FF42D-3D8E-467F-9C8C-848B909987E7}.Debug|Any CPU.ActiveCfg = Debug|Any CPU
		{B39FF42D-3D8E-467F-9C8C-848B909987E7}.Debug|Any CPU.Build.0 = Debug|Any CPU
		{B39FF42D-3D8E-467F-9C8C-848B909987E7}.Release|Any CPU.ActiveCfg = Release|Any CPU
		{B39FF42D-3D8E-467F-9C8C-848B909987E7}.Release|Any CPU.Build.0 = Release|Any CPU
	EndGlobalSection
	GlobalSection(SolutionProperties) = preSolution
		HideSolutionNode = FALSE
	EndGlobalSection
	GlobalSection(ExtensibilityGlobals) = postSolution
		SolutionGuid = {71E95EEC-236E-4026-AED1-01F0BECCDF36}
	EndGlobalSection
EndGlobal
